
Microsoft Visual Studio Solution File, Format Version 12.00
# Visual Studio 15
VisualStudioVersion = 15.0.27130.2036
MinimumVisualStudioVersion = 10.0.40219.1
Project("{FAE04EC0-301F-11D3-BF4B-00C04F79EFBC}") = "Radioactive", "Radioactive\Radioactive.csproj", "{AA162FB7-B9AD-4F08-A229-FB94E2146EF4}"
EndProject
Global
	GlobalSection(SolutionConfigurationPlatforms) = preSolution
		Debug|Any CPU = Debug|Any CPU
		Release|Any CPU = Release|Any CPU
	EndGlobalSection
	GlobalSection(ProjectConfigurationPlatforms) = postSolution
		{AA162FB7-B9AD-4F08-A229-FB94E2146EF4}.Debug|Any CPU.ActiveCfg = Debug|Any CPU
		{AA162FB7-B9AD-4F08-A229-FB94E2146EF4}.Debug|Any CPU.Build.0 = Debug|Any CPU
		{AA162FB7-B9AD-4F08-A229-FB94E2146EF4}.Release|Any CPU.ActiveCfg = Release|Any CPU
		{AA162FB7-B9AD-4F08-A229-FB94E2146EF4}.Release|Any CPU.Build.0 = Release|Any CPU
	EndGlobalSection
	GlobalSection(SolutionProperties) = preSolution
		HideSolutionNode = FALSE
	EndGlobalSection
	GlobalSection(ExtensibilityGlobals) = postSolution
		SolutionGuid = {D9CB1B95-5DA3-4778-9FBE-27CDB961BD1A}
	EndGlobalSection
EndGlobal
